{
  "version": "3",
  "packages": {
    "specifiers": {
      "npm:@supabase/supabase-js@2": "npm:@supabase/supabase-js@2.88.0"
    },
    "npm": {
      "@supabase/auth-js@2.88.0": {
        "integrity": "sha512-r/tlKD1Sv5w5AGmxVdBK17KwVkGOHMjihqw+HeW7Qsyes5ajLeyjL0M7jXZom1+NW4yINacKqOR9gqGmWzW9eA==",
        "dependencies": {
          "tslib": "tslib@2.8.1"
        }
      },
      "@supabase/functions-js@2.88.0": {
        "integrity": "sha512-p934lg2x9m0bVBXKl2EAwbyIVif21FD1VGtLNGU4iuPOyB6b0bzyRAFnK95pLj48CMJk0DU+q35TDOGcFAyxwQ==",
        "dependencies": {
          "tslib": "tslib@2.8.1"
        }
      },
      "@supabase/postgrest-js@2.88.0": {
        "integrity": "sha512-8DMGXWQUGM/4e8vtW95dLlNtETTVAyCAr7NyLFACDgVaaPUsDqZvS45LjBNd18fu3n6q/zZwCk4XL2yYWBHTVA==",
        "dependencies": {
          "tslib": "tslib@2.8.1"
        }
      },
      "@supabase/realtime-js@2.88.0": {
        "integrity": "sha512-4yMVLLq6I2KSzINlBK22vGJJYzJo9FAbfKZl7ZuarvzAClq48skgLWF7dlBCC3B/9wQckKhCfPfvyT0JVz3SXg==",
        "dependencies": {
          "@types/phoenix": "@types/phoenix@1.6.7",
          "@types/ws": "@types/ws@8.18.1",
          "tslib": "tslib@2.8.1",
          "ws": "ws@8.18.3"
        }
      },
      "@supabase/storage-js@2.88.0": {
        "integrity": "sha512-iM1CFKzTX0XIesHA/szcCqZG54BkXoSzqlVRB/O8s2u2GsXi0oUTko0ruOgDheNcWwOABKt88b0Fs4IVfDq7tg==",
        "dependencies": {
          "iceberg-js": "iceberg-js@0.8.1",
          "tslib": "tslib@2.8.1"
        }
      },
      "@supabase/supabase-js@2.88.0": {
        "integrity": "sha512-XcvV+0x3ybSG1WBoRH0U0cizT1pyzkXD4lLiPaMLpj+A0jahvcrcrijBT+IQpLXOa2hbNLuHkS7yqJW67r4+nQ==",
        "dependencies": {
          "@supabase/auth-js": "@supabase/auth-js@2.88.0",
          "@supabase/functions-js": "@supabase/functions-js@2.88.0",
          "@supabase/postgrest-js": "@supabase/postgrest-js@2.88.0",
          "@supabase/realtime-js": "@supabase/realtime-js@2.88.0",
          "@supabase/storage-js": "@supabase/storage-js@2.88.0"
        }
      },
      "@types/node@18.16.19": {
        "integrity": "sha512-IXl7o+R9iti9eBW4Wg2hx1xQDig183jj7YLn8F7udNceyfkbn1ZxmzZXuak20gR40D7pIkIY1kYGx5VIGbaHKA==",
        "dependencies": {}
      },
      "@types/phoenix@1.6.7": {
        "integrity": "sha512-oN9ive//QSBkf19rfDv45M7eZPi0eEXylht2OLEXicu5b4KoQ1OzXIw+xDSGWxSxe1JmepRR/ZH283vsu518/Q==",
        "dependencies": {}
      },
      "@types/ws@8.18.1": {
        "integrity": "sha512-ThVF6DCVhA8kUGy+aazFQ4kXQ7E1Ty7A3ypFOe0IcJV8O/M511G99AW24irKrW56Wt44yG9+ij8FaqoBGkuBXg==",
        "dependencies": {
          "@types/node": "@types/node@18.16.19"
        }
      },
      "iceberg-js@0.8.1": {
        "integrity": "sha512-1dhVQZXhcHje7798IVM+xoo/1ZdVfzOMIc8/rgVSijRK38EDqOJoGula9N/8ZI5RD8QTxNQtK/Gozpr+qUqRRA==",
        "dependencies": {}
      },
      "tslib@2.8.1": {
        "integrity": "sha512-oJFu94HQb+KVduSUQL7wnpmqnfmLsOA/nAh6b6EH0wCEoK0/mPeXU6c3wKDV83MkOuHPRHtSXKKU99IBazS/2w==",
        "dependencies": {}
      },
      "ws@8.18.3": {
        "integrity": "sha512-PEIGCY5tSlUt50cqyMXfCzX+oOPqN0vuGqWzbcJ2xvnkzkq46oOpz7dQaTDBdfICb4N14+GARUDw2XV2N4tvzg==",
        "dependencies": {}
      }
    }
  },
  "redirects": {
    "https://esm.sh/@supabase/supabase-js@2": "https://esm.sh/@supabase/supabase-js@2.116.0",
    "https://esm.sh/zod@3": "https://esm.sh/zod@3.25.76"
  },
  "remote": {
    "https://deno.land/std@0.168.0/async/abortable.ts": "80b2ac399f142cc528f95a037a7d0e653296352d95c681e284533765961de409",
    "https://deno.land/std@0.168.0/async/deadline.ts": "2c2deb53c7c28ca1dda7a3ad81e70508b1ebc25db52559de6b8636c9278fd41f",
    "https://deno.land/std@0.168.0/async/debounce.ts": "60301ffb37e730cd2d6f9dadfd0ecb2a38857681bd7aaf6b0a106b06e5210a98",
    "https://deno.land/std@0.168.0/async/deferred.ts": "77d3f84255c3627f1cc88699d8472b664d7635990d5358c4351623e098e917d6",
    "https://deno.land/std@0.168.0/async/delay.ts": "5a9bfba8de38840308a7a33786a0155a7f6c1f7a859558ddcec5fe06e16daf57",
    "https://deno.land/std@0.168.0/async/mod.ts": "7809ad4bb223e40f5fdc043e5c7ca04e0e25eed35c32c3c32e28697c553fa6d9",
    "https://deno.land/std@0.168.0/async/mux_async_iterator.ts": "770a0ff26c59f8bbbda6b703a2235f04e379f73238e8d66a087edc68c2a2c35f",
    "https://deno.land/std@0.168.0/async/pool.ts": "6854d8cd675a74c73391c82005cbbe4cc58183bddcd1fbbd7c2bcda42b61cf69",
    "https://deno.land/std@0.168.0/async/retry.ts": "e8e5173623915bbc0ddc537698fa418cf875456c347eda1ed453528645b42e67",
    "https://deno.land/std@0.168.0/async/tee.ts": "3a47cc4e9a940904fd4341f0224907e199121c80b831faa5ec2b054c6d2eff5e",
    "https://deno.land/std@0.168.0/http/server.ts": "e99c1bee8a3f6571ee4cdeb2966efad465b8f6fe62bec1bdb59c1f007cc4d155",
    "https://esm.sh/@openai/agents@0.1.9": "b6dcbd0ac448f78aa3cd8e235a8c0f18ec2f352d2bfab77a14a80f5451478646",
    "https://esm.sh/@supabase/supabase-js@2.116.0": "a38014743786a06c7dbf095a99e9ef3b38c0ec16bff076fc7cd403991192b34e",
    "https://esm.sh/openai@4.73.0": "e647fbb46d937f1d3bc09dd80e4ee31fec3dbd905bf8aba52f7ff5ffc05f6185",
    "https://esm.sh/zod@3.25.76": "3fb2d6fc9ba6facc140a9875710339f90e89befb26fd9b39da83644d4dd6a701"
  },
  "workspace": {
    "dependencies": [
      "npm:@supabase/supabase-js@2"
    ]
  }
}
