{
  "version": "3",
  "packages": {
    "specifiers": {
      "npm:@supabase/supabase-js@2": "npm:@supabase/supabase-js@2.88.0"
    },
    "npm": {
      "@supabase/auth-js@2.88.0": {
        "integrity": "sha512-r/tlKD1Sv5w5AGmxVdBK17KwVkGOHMjihqw+HeW7Qsyes5ajLeyjL0M7jXZom1+NW4yINacKqOR9gqGmWzW9eA==",
        "dependencies": {
          "tslib": "tslib@2.8.1"
        }
      },
      "@supabase/functions-js@2.88.0": {
        "integrity": "sha512-p934lg2x9m0bVBXKl2EAwbyIVif21FD1VGtLNGU4iuPOyB6b0bzyRAFnK95pLj48CMJk0DU+q35TDOGcFAyxwQ==",
        "dependencies": {
          "tslib": "tslib@2.8.1"
        }
      },
      "@supabase/postgrest-js@2.88.0": {
        "integrity": "sha512-8DMGXWQUGM/4e8vtW95dLlNtETTVAyCAr7NyLFACDgVaaPUsDqZvS45LjBNd18fu3n6q/zZwCk4XL2yYWBHTVA==",
        "dependencies": {
          "tslib": "tslib@2.8.1"
        }
      },
      "@supabase/realtime-js@2.88.0": {
        "integrity": "sha512-4yMVLLq6I2KSzINlBK22vGJJYzJo9FAbfKZl7ZuarvzAClq48skgLWF7dlBCC3B/9wQckKhCfPfvyT0JVz3SXg==",
        "dependencies": {
          "@types/phoenix": "@types/phoenix@1.6.7",
          "@types/ws": "@types/ws@8.18.1",
          "tslib": "tslib@2.8.1",
          "ws": "ws@8.18.3"
        }
      },
      "@supabase/storage-js@2.88.0": {
        "integrity": "sha512-iM1CFKzTX0XIesHA/szcCqZG54BkXoSzqlVRB/O8s2u2GsXi0oUTko0ruOgDheNcWwOABKt88b0Fs4IVfDq7tg==",
        "dependencies": {
          "iceberg-js": "iceberg-js@0.8.1",
          "tslib": "tslib@2.8.1"
        }
      },
      "@supabase/supabase-js@2.88.0": {
        "integrity": "sha512-XcvV+0x3ybSG1WBoRH0U0cizT1pyzkXD4lLiPaMLpj+A0jahvcrcrijBT+IQpLXOa2hbNLuHkS7yqJW67r4+nQ==",
        "dependencies": {
          "@supabase/auth-js": "@supabase/auth-js@2.88.0",
          "@supabase/functions-js": "@supabase/functions-js@2.88.0",
          "@supabase/postgrest-js": "@supabase/postgrest-js@2.88.0",
          "@supabase/realtime-js": "@supabase/realtime-js@2.88.0",
          "@supabase/storage-js": "@supabase/storage-js@2.88.0"
        }
      },
      "@types/node@18.16.19": {
        "integrity": "sha512-IXl7o+R9iti9eBW4Wg2hx1xQDig183jj7YLn8F7udNceyfkbn1ZxmzZXuak20gR40D7pIkIY1kYGx5VIGbaHKA==",
        "dependencies": {}
      },
      "@types/phoenix@1.6.7": {
        "integrity": "sha512-oN9ive//QSBkf19rfDv45M7eZPi0eEXylht2OLEXicu5b4KoQ1OzXIw+xDSGWxSxe1JmepRR/ZH283vsu518/Q==",
        "dependencies": {}
      },
      "@types/ws@8.18.1": {
        "integrity": "sha512-ThVF6DCVhA8kUGy+aazFQ4kXQ7E1Ty7A3ypFOe0IcJV8O/M511G99AW24irKrW56Wt44yG9+ij8FaqoBGkuBXg==",
        "dependencies": {
          "@types/node": "@types/node@18.16.19"
        }
      },
      "iceberg-js@0.8.1": {
        "integrity": "sha512-1dhVQZXhcHje7798IVM+xoo/1ZdVfzOMIc8/rgVSijRK38EDqOJoGula9N/8ZI5RD8QTxNQtK/Gozpr+qUqRRA==",
        "dependencies": {}
      },
      "tslib@2.8.1": {
        "integrity": "sha512-oJFu94HQb+KVduSUQL7wnpmqnfmLsOA/nAh6b6EH0wCEoK0/mPeXU6c3wKDV83MkOuHPRHtSXKKU99IBazS/2w==",
        "dependencies": {}
      },
      "ws@8.18.3": {
        "integrity": "sha512-PEIGCY5tSlUt50cqyMXfCzX+oOPqN0vuGqWzbcJ2xvnkzkq46oOpz7dQaTDBdfICb4N14+GARUDw2XV2N4tvzg==",
        "dependencies": {}
      }
    }
  },
  "remote": {}
}
