{
  "version": "3",
  "redirects": {
    "https://esm.sh/@supabase/supabase-js@2": "https://esm.sh/@supabase/supabase-js@2.116.0",
    "https://esm.sh/zod@3": "https://esm.sh/zod@3.25.76"
  },
  "remote": {
    "https://deno.land/std@0.168.0/async/abortable.ts": "80b2ac399f142cc528f95a037a7d0e653296352d95c681e284533765961de409",
    "https://deno.land/std@0.168.0/async/deadline.ts": "2c2deb53c7c28ca1dda7a3ad81e70508b1ebc25db52559de6b8636c9278fd41f",
    "https://deno.land/std@0.168.0/async/debounce.ts": "60301ffb37e730cd2d6f9dadfd0ecb2a38857681bd7aaf6b0a106b06e5210a98",
    "https://deno.land/std@0.168.0/async/deferred.ts": "77d3f84255c3627f1cc88699d8472b664d7635990d5358c4351623e098e917d6",
    "https://deno.land/std@0.168.0/async/delay.ts": "5a9bfba8de38840308a7a33786a0155a7f6c1f7a859558ddcec5fe06e16daf57",
    "https://deno.land/std@0.168.0/async/mod.ts": "7809ad4bb223e40f5fdc043e5c7ca04e0e25eed35c32c3c32e28697c553fa6d9",
    "https://deno.land/std@0.168.0/async/mux_async_iterator.ts": "770a0ff26c59f8bbbda6b703a2235f04e379f73238e8d66a087edc68c2a2c35f",
    "https://deno.land/std@0.168.0/async/pool.ts": "6854d8cd675a74c73391c82005cbbe4cc58183bddcd1fbbd7c2bcda42b61cf69",
    "https://deno.land/std@0.168.0/async/retry.ts": "e8e5173623915bbc0ddc537698fa418cf875456c347eda1ed453528645b42e67",
    "https://deno.land/std@0.168.0/async/tee.ts": "3a47cc4e9a940904fd4341f0224907e199121c80b831faa5ec2b054c6d2eff5e",
    "https://deno.land/std@0.168.0/http/server.ts": "e99c1bee8a3f6571ee4cdeb2966efad465b8f6fe62bec1bdb59c1f007cc4d155",
    "https://esm.sh/@openai/agents@0.1.9": "b6dcbd0ac448f78aa3cd8e235a8c0f18ec2f352d2bfab77a14a80f5451478646",
    "https://esm.sh/@supabase/supabase-js@2.116.0": "a38014743786a06c7dbf095a99e9ef3b38c0ec16bff076fc7cd403991192b34e",
    "https://esm.sh/openai@4.73.0": "e647fbb46d937f1d3bc09dd80e4ee31fec3dbd905bf8aba52f7ff5ffc05f6185",
    "https://esm.sh/zod@3.25.76": "3fb2d6fc9ba6facc140a9875710339f90e89befb26fd9b39da83644d4dd6a701"
  },
  "workspace": {
    "packageJson": {
      "dependencies": [
        "npm:@ai-sdk/openai@^3.0.2",
        "npm:@faker-js/faker@^10.2.0",
        "npm:@floating-ui/dom@^1.7.4",
        "npm:@gocapsule/column-extension@^1.0.0-beta-3",
        "npm:@react-email/components@^1.0.3",
        "npm:@react-email/render@^2.0.1",
        "npm:@stripe/stripe-js@^8.6.0",
        "npm:@supabase/supabase-js@^2.89.0",
        "npm:@tailwindcss/typography@^0.5.19",
        "npm:@tiptap/core@^3.15.3",
        "npm:@tiptap/extension-color@^3.15.3",
        "npm:@tiptap/extension-highlight@^3.15.3",
        "npm:@tiptap/extension-text-align@^3.15.3",
        "npm:@tiptap/extension-text-style@^3.15.3",
        "npm:@tiptap/extension-underline@^3.15.3",
        "npm:@tiptap/pm@^3.15.3",
        "npm:@tiptap/react@^3.15.3",
        "npm:@tiptap/starter-kit@^3.15.3",
        "npm:@types/dompurify@^3.2.0",
        "npm:@types/react-dom@19.2.3",
        "npm:@types/react@19.2.7",
        "npm:@vitejs/plugin-react-swc@^4.2.2",
        "npm:ai@^6.0.6",
        "npm:autoprefixer@^10.4.23",
        "npm:baseline-browser-mapping@^2.9.11",
        "npm:canvas2svg@^1.0.16",
        "npm:chart.js@^4.5.1",
        "npm:cypress-recurse@^1.37.1",
        "npm:cypress@^15.8.1",
        "npm:d3@^7.8.5",
        "npm:date-fns@^4.1.0",
        "npm:dompurify@^3.3.1",
        "npm:dotenv@^17.2.3",
        "npm:driver.js@^1.4.0",
        "npm:eslint-plugin-react-hooks@^7.0.1",
        "npm:eslint-plugin-react-refresh@^0.4.26",
        "npm:eslint-plugin-react@^7.33.2",
        "npm:eslint@^9.39.2",
        "npm:fuse.js@^7.1.0",
        "npm:handlebars@^4.7.8",
        "npm:html-react-parser@^5.2.11",
        "npm:html2canvas@^1.4.1",
        "npm:html2pdf.js@^0.14.0",
        "npm:i18next-browser-languagedetector@^8.2.0",
        "npm:i18next@^25.7.3",
        "npm:immer@^11.1.3",
        "npm:jspdf@^4.0.0",
        "npm:lucide-react@^0.562.0",
        "npm:marked@^17.0.1",
        "npm:odiff-bin@^4.3.2",
        "npm:postcss@^8.5.6",
        "npm:prismjs@^1.30.0",
        "npm:react-chartjs-2@^5.3.1",
        "npm:react-dom@19.2.3",
        "npm:react-i18next@^16.5.1",
        "npm:react-markdown@^10.1.0",
        "npm:react-mentions@^4.4.10",
        "npm:react-router-dom@^7.11.0",
        "npm:react-simple-code-editor@^0.14.1",
        "npm:react@19.2.3",
        "npm:remark-gfm@^4.0.1",
        "npm:rollup-plugin-visualizer@^6.0.5",
        "npm:sass@^1.97.1",
        "npm:sharp@^0.34.5",
        "npm:start-server-and-test@^2.1.3",
        "npm:superstatic@^10.0.0",
        "npm:tailwindcss@3.4.17",
        "npm:terser@^5.44.1",
        "npm:tiptap-extension-global-drag-handle@^0.1.18",
        "npm:vite-plugin-inline-css-modules@^0.0.8",
        "npm:vite@^7.3.0",
        "npm:xlsx@^0.18.5",
        "npm:zod@^4.3.5"
      ]
    }
  }
}
